// !$*UTF8*$!
{
	archiveVersion = 1;
	classes = {
	};
	objectVersion = 46;
	objects = {

/* Begin PBXBuildFile section */
		CBEDBA8A9069069725D3D478 /* libPods-数据传递.a in Frameworks */ = {isa = PBXBuildFile; fileRef = BD7B1009CD463290AAA20B7C /* libPods-数据传递.a */; };
		F90C22621EA9DE37007ABC2E /* main.m in Sources */ = {isa = PBXBuildFile; fileRef = F90C22611EA9DE37007ABC2E /* main.m */; };
		F90C22651EA9DE37007ABC2E /* AppDelegate.m in Sources */ = {isa = PBXBuildFile; fileRef = F90C22641EA9DE37007ABC2E /* AppDelegate.m */; };
		F90C22681EA9DE37007ABC2E /* ViewController.m in Sources */ = {isa = PBXBuildFile; fileRef = F90C22671EA9DE37007ABC2E /* ViewController.m */; };
		F90C226B1EA9DE38007ABC2E /* Main.storyboard in Resources */ = {isa = PBXBuildFile; fileRef = F90C22691EA9DE38007ABC2E /* Main.storyboard */; };
		F90C226D1EA9DE38007ABC2E /* Assets.xcassets in Resources */ = {isa = PBXBuildFile; fileRef = F90C226C1EA9DE38007ABC2E /* Assets.xcassets */; };
		F90C22701EA9DE38007ABC2E /* LaunchScreen.storyboard in Resources */ = {isa = PBXBuildFile; fileRef = F90C226E1EA9DE38007ABC2E /* LaunchScreen.storyboard */; };
		F90C22791EA9DE58007ABC2E /* BViewController.m in Sources */ = {isa = PBXBuildFile; fileRef = F90C22781EA9DE58007ABC2E /* BViewController.m */; };
		F90C227C1EA9E748007ABC2E /* guanal.png in Resources */ = {isa = PBXBuildFile; fileRef = F90C227B1EA9E748007ABC2E /* guanal.png */; };
		F945FAB91F04FB3F0099871E /* manifest.plist in Resources */ = {isa = PBXBuildFile; fileRef = F945FAB81F04FB3F0099871E /* manifest.plist */; };
		F984576C1EBC5C2B00958041 /* 陈慧娴 - 傻女.mp3 in Resources */ = {isa = PBXBuildFile; fileRef = F984576B1EBC5C2B00958041 /* 陈慧娴 - 傻女.mp3 */; };
		F984576F1EBC5CD200958041 /* AVPlayerObject.m in Sources */ = {isa = PBXBuildFile; fileRef = F984576E1EBC5CD200958041 /* AVPlayerObject.m */; };
		F9B2A18D1EE54ECD006E1F34 /* modleView.m in Sources */ = {isa = PBXBuildFile; fileRef = F9B2A18C1EE54ECD006E1F34 /* modleView.m */; };
		F9B2A1901EE5521C006E1F34 /* UIView+Layout.m in Sources */ = {isa = PBXBuildFile; fileRef = F9B2A18F1EE5521C006E1F34 /* UIView+Layout.m */; };
		F9B2A1931EE5535B006E1F34 /* SnailPopupController.m in Sources */ = {isa = PBXBuildFile; fileRef = F9B2A1921EE5535B006E1F34 /* SnailPopupController.m */; };
		F9B2A1951EE559C5006E1F34 /* qzone_close.png in Resources */ = {isa = PBXBuildFile; fileRef = F9B2A1941EE559C5006E1F34 /* qzone_close.png */; };
		F9BD61C41ECAC881003BCE52 /* DViewController.m in Sources */ = {isa = PBXBuildFile; fileRef = F9BD61C31ECAC881003BCE52 /* DViewController.m */; };
		F9BD61C61ECAC891003BCE52 /* chatUser.html in Resources */ = {isa = PBXBuildFile; fileRef = F9BD61C51ECAC891003BCE52 /* chatUser.html */; };
		F9BD61C91ECACDD7003BCE52 /* GoComUrlProtocol.m in Sources */ = {isa = PBXBuildFile; fileRef = F9BD61C81ECACDD7003BCE52 /* GoComUrlProtocol.m */; };
		F9BD61CD1ECAE613003BCE52 /* simple.html in Resources */ = {isa = PBXBuildFile; fileRef = F9BD61CC1ECAE613003BCE52 /* simple.html */; };
		F9BD61CF1ECAEDCA003BCE52 /* Virsical.js in Resources */ = {isa = PBXBuildFile; fileRef = F9BD61CE1ECAEDCA003BCE52 /* Virsical.js */; };
		F9DFFD631EB82C9B005076D9 /* CViewController.m in Sources */ = {isa = PBXBuildFile; fileRef = F9DFFD621EB82C9B005076D9 /* CViewController.m */; };
		F9F5F4781EE91D8300D68962 /* AMapFoundationKit.framework in Frameworks */ = {isa = PBXBuildFile; fileRef = F9F5F4761EE91D8300D68962 /* AMapFoundationKit.framework */; };
		F9F5F4791EE91D8300D68962 /* AMapLocationKit.framework in Frameworks */ = {isa = PBXBuildFile; fileRef = F9F5F4771EE91D8300D68962 /* AMapLocationKit.framework */; };
		F9F5F47C1EE91EBE00D68962 /* locatonViewController.m in Sources */ = {isa = PBXBuildFile; fileRef = F9F5F47B1EE91EBE00D68962 /* locatonViewController.m */; };
		F9F5F47F1EE9232E00D68962 /* JavaScriptCore.framework in Frameworks */ = {isa = PBXBuildFile; fileRef = F9F5F47E1EE9232E00D68962 /* JavaScriptCore.framework */; };
		F9F5F4811EE9233F00D68962 /* CoreTelephony.framework in Frameworks */ = {isa = PBXBuildFile; fileRef = F9F5F4801EE9233F00D68962 /* CoreTelephony.framework */; };
		F9F5F4831EE9234E00D68962 /* Security.framework in Frameworks */ = {isa = PBXBuildFile; fileRef = F9F5F4821EE9234E00D68962 /* Security.framework */; };
		F9F5F4851EE9235900D68962 /* SystemConfiguration.framework in Frameworks */ = {isa = PBXBuildFile; fileRef = F9F5F4841EE9235900D68962 /* SystemConfiguration.framework */; };
		F9F5F4871EE9246600D68962 /* libz.tbd in Frameworks */ = {isa = PBXBuildFile; fileRef = F9F5F4861EE9246600D68962 /* libz.tbd */; };
		F9F5F49D1EE9347100D68962 /* AFHTTPRequestOperation.m in Sources */ = {isa = PBXBuildFile; fileRef = F9F5F48B1EE9347100D68962 /* AFHTTPRequestOperation.m */; };
		F9F5F49E1EE9347200D68962 /* AFHTTPRequestOperationManager.m in Sources */ = {isa = PBXBuildFile; fileRef = F9F5F48D1EE9347100D68962 /* AFHTTPRequestOperationManager.m */; };
		F9F5F49F1EE9347200D68962 /* AFHTTPSessionManager.m in Sources */ = {isa = PBXBuildFile; fileRef = F9F5F48F1EE9347100D68962 /* AFHTTPSessionManager.m */; };
		F9F5F4A01EE9347200D68962 /* AFNetworkReachabilityManager.m in Sources */ = {isa = PBXBuildFile; fileRef = F9F5F4921EE9347100D68962 /* AFNetworkReachabilityManager.m */; };
		F9F5F4A11EE9347200D68962 /* AFSecurityPolicy.m in Sources */ = {isa = PBXBuildFile; fileRef = F9F5F4941EE9347100D68962 /* AFSecurityPolicy.m */; };
		F9F5F4A21EE9347200D68962 /* AFURLConnectionOperation.m in Sources */ = {isa = PBXBuildFile; fileRef = F9F5F4961EE9347100D68962 /* AFURLConnectionOperation.m */; };
		F9F5F4A31EE9347200D68962 /* AFURLRequestSerialization.m in Sources */ = {isa = PBXBuildFile; fileRef = F9F5F4981EE9347100D68962 /* AFURLRequestSerialization.m */; };
		F9F5F4A41EE9347200D68962 /* AFURLResponseSerialization.m in Sources */ = {isa = PBXBuildFile; fileRef = F9F5F49A1EE9347100D68962 /* AFURLResponseSerialization.m */; };
		F9F5F4A51EE9347200D68962 /* AFURLSessionManager.m in Sources */ = {isa = PBXBuildFile; fileRef = F9F5F49C1EE9347100D68962 /* AFURLSessionManager.m */; };
		F9F5F4AE1EE949C000D68962 /* FCUUID.m in Sources */ = {isa = PBXBuildFile; fileRef = F9F5F4AB1EE949C000D68962 /* FCUUID.m */; };
		F9F5F4AF1EE949C000D68962 /* UICKeyChainStore.m in Sources */ = {isa = PBXBuildFile; fileRef = F9F5F4AD1EE949C000D68962 /* UICKeyChainStore.m */; };
		F9F7D5281EC471A4004384AD /* NSString+EMOEmoji.m in Sources */ = {isa = PBXBuildFile; fileRef = F9F7D5271EC471A4004384AD /* NSString+EMOEmoji.m */; };
/* End PBXBuildFile section */

/* Begin PBXFileReference section */
		488355BFD91C2AE68039A472 /* Pods-数据传递.debug.xcconfig */ = {isa = PBXFileReference; includeInIndex = 1; lastKnownFileType = text.xcconfig; name = "Pods-数据传递.debug.xcconfig"; path = "Pods/Target Support Files/Pods-数据传递/Pods-数据传递.debug.xcconfig"; sourceTree = "<group>"; };
		79E958074130AE561A7F969D /* Pods-数据传递.release.xcconfig */ = {isa = PBXFileReference; includeInIndex = 1; lastKnownFileType = text.xcconfig; name = "Pods-数据传递.release.xcconfig"; path = "Pods/Target Support Files/Pods-数据传递/Pods-数据传递.release.xcconfig"; sourceTree = "<group>"; };
		BD7B1009CD463290AAA20B7C /* libPods-数据传递.a */ = {isa = PBXFileReference; explicitFileType = archive.ar; includeInIndex = 0; path = "libPods-数据传递.a"; sourceTree = BUILT_PRODUCTS_DIR; };
		F90C225D1EA9DE37007ABC2E /* 数据传递.app */ = {isa = PBXFileReference; explicitFileType = wrapper.application; includeInIndex = 0; path = "数据传递.app"; sourceTree = BUILT_PRODUCTS_DIR; };
		F90C22611EA9DE37007ABC2E /* main.m */ = {isa = PBXFileReference; lastKnownFileType = sourcecode.c.objc; path = main.m; sourceTree = "<group>"; };
		F90C22631EA9DE37007ABC2E /* AppDelegate.h */ = {isa = PBXFileReference; lastKnownFileType = sourcecode.c.h; path = AppDelegate.h; sourceTree = "<group>"; };
		F90C22641EA9DE37007ABC2E /* AppDelegate.m */ = {isa = PBXFileReference; lastKnownFileType = sourcecode.c.objc; path = AppDelegate.m; sourceTree = "<group>"; };
		F90C22661EA9DE37007ABC2E /* ViewController.h */ = {isa = PBXFileReference; lastKnownFileType = sourcecode.c.h; path = ViewController.h; sourceTree = "<group>"; };
		F90C22671EA9DE37007ABC2E /* ViewController.m */ = {isa = PBXFileReference; lastKnownFileType = sourcecode.c.objc; path = ViewController.m; sourceTree = "<group>"; };
		F90C226A1EA9DE38007ABC2E /* Base */ = {isa = PBXFileReference; lastKnownFileType = file.storyboard; name = Base; path = Base.lproj/Main.storyboard; sourceTree = "<group>"; };
		F90C226C1EA9DE38007ABC2E /* Assets.xcassets */ = {isa = PBXFileReference; lastKnownFileType = folder.assetcatalog; path = Assets.xcassets; sourceTree = "<group>"; };
		F90C226F1EA9DE38007ABC2E /* Base */ = {isa = PBXFileReference; lastKnownFileType = file.storyboard; name = Base; path = Base.lproj/LaunchScreen.storyboard; sourceTree = "<group>"; };
		F90C22711EA9DE38007ABC2E /* Info.plist */ = {isa = PBXFileReference; lastKnownFileType = text.plist.xml; path = Info.plist; sourceTree = "<group>"; };
		F90C22771EA9DE58007ABC2E /* BViewController.h */ = {isa = PBXFileReference; fileEncoding = 4; lastKnownFileType = sourcecode.c.h; path = BViewController.h; sourceTree = "<group>"; };
		F90C22781EA9DE58007ABC2E /* BViewController.m */ = {isa = PBXFileReference; fileEncoding = 4; lastKnownFileType = sourcecode.c.objc; path = BViewController.m; sourceTree = "<group>"; };
		F90C227B1EA9E748007ABC2E /* guanal.png */ = {isa = PBXFileReference; lastKnownFileType = image.png; path = guanal.png; sourceTree = "<group>"; };
		F945FAB81F04FB3F0099871E /* manifest.plist */ = {isa = PBXFileReference; fileEncoding = 4; lastKnownFileType = text.plist.xml; path = manifest.plist; sourceTree = "<group>"; };
		F984576B1EBC5C2B00958041 /* 陈慧娴 - 傻女.mp3 */ = {isa = PBXFileReference; lastKnownFileType = audio.mp3; path = "陈慧娴 - 傻女.mp3"; sourceTree = "<group>"; };
		F984576D1EBC5CD200958041 /* AVPlayerObject.h */ = {isa = PBXFileReference; fileEncoding = 4; lastKnownFileType = sourcecode.c.h; path = AVPlayerObject.h; sourceTree = "<group>"; };
		F984576E1EBC5CD200958041 /* AVPlayerObject.m */ = {isa = PBXFileReference; fileEncoding = 4; lastKnownFileType = sourcecode.c.objc; path = AVPlayerObject.m; sourceTree = "<group>"; };
		F9B2A18B1EE54ECD006E1F34 /* modleView.h */ = {isa = PBXFileReference; fileEncoding = 4; lastKnownFileType = sourcecode.c.h; path = modleView.h; sourceTree = "<group>"; };
		F9B2A18C1EE54ECD006E1F34 /* modleView.m */ = {isa = PBXFileReference; fileEncoding = 4; lastKnownFileType = sourcecode.c.objc; path = modleView.m; sourceTree = "<group>"; };
		F9B2A18E1EE5521C006E1F34 /* UIView+Layout.h */ = {isa = PBXFileReference; fileEncoding = 4; lastKnownFileType = sourcecode.c.h; path = "UIView+Layout.h"; sourceTree = "<group>"; };
		F9B2A18F1EE5521C006E1F34 /* UIView+Layout.m */ = {isa = PBXFileReference; fileEncoding = 4; lastKnownFileType = sourcecode.c.objc; path = "UIView+Layout.m"; sourceTree = "<group>"; };
		F9B2A1911EE5535B006E1F34 /* SnailPopupController.h */ = {isa = PBXFileReference; fileEncoding = 4; lastKnownFileType = sourcecode.c.h; path = SnailPopupController.h; sourceTree = "<group>"; };
		F9B2A1921EE5535B006E1F34 /* SnailPopupController.m */ = {isa = PBXFileReference; fileEncoding = 4; lastKnownFileType = sourcecode.c.objc; path = SnailPopupController.m; sourceTree = "<group>"; };
		F9B2A1941EE559C5006E1F34 /* qzone_close.png */ = {isa = PBXFileReference; lastKnownFileType = image.png; path = qzone_close.png; sourceTree = "<group>"; };
		F9BD61C21ECAC881003BCE52 /* DViewController.h */ = {isa = PBXFileReference; fileEncoding = 4; lastKnownFileType = sourcecode.c.h; path = DViewController.h; sourceTree = "<group>"; };
		F9BD61C31ECAC881003BCE52 /* DViewController.m */ = {isa = PBXFileReference; fileEncoding = 4; lastKnownFileType = sourcecode.c.objc; path = DViewController.m; sourceTree = "<group>"; };
		F9BD61C51ECAC891003BCE52 /* chatUser.html */ = {isa = PBXFileReference; fileEncoding = 4; lastKnownFileType = text.html; path = chatUser.html; sourceTree = "<group>"; };
		F9BD61C71ECACDD7003BCE52 /* GoComUrlProtocol.h */ = {isa = PBXFileReference; fileEncoding = 4; lastKnownFileType = sourcecode.c.h; path = GoComUrlProtocol.h; sourceTree = "<group>"; };
		F9BD61C81ECACDD7003BCE52 /* GoComUrlProtocol.m */ = {isa = PBXFileReference; fileEncoding = 4; lastKnownFileType = sourcecode.c.objc; path = GoComUrlProtocol.m; sourceTree = "<group>"; };
		F9BD61CC1ECAE613003BCE52 /* simple.html */ = {isa = PBXFileReference; fileEncoding = 4; lastKnownFileType = text.html; path = simple.html; sourceTree = "<group>"; };
		F9BD61CE1ECAEDCA003BCE52 /* Virsical.js */ = {isa = PBXFileReference; fileEncoding = 4; lastKnownFileType = sourcecode.javascript; path = Virsical.js; sourceTree = "<group>"; };
		F9DFFD611EB82C9B005076D9 /* CViewController.h */ = {isa = PBXFileReference; fileEncoding = 4; lastKnownFileType = sourcecode.c.h; path = CViewController.h; sourceTree = "<group>"; };
		F9DFFD621EB82C9B005076D9 /* CViewController.m */ = {isa = PBXFileReference; fileEncoding = 4; lastKnownFileType = sourcecode.c.objc; path = CViewController.m; sourceTree = "<group>"; };
		F9F5F4761EE91D8300D68962 /* AMapFoundationKit.framework */ = {isa = PBXFileReference; lastKnownFileType = wrapper.framework; path = AMapFoundationKit.framework; sourceTree = "<group>"; };
		F9F5F4771EE91D8300D68962 /* AMapLocationKit.framework */ = {isa = PBXFileReference; lastKnownFileType = wrapper.framework; path = AMapLocationKit.framework; sourceTree = "<group>"; };
		F9F5F47A1EE91EBE00D68962 /* locatonViewController.h */ = {isa = PBXFileReference; fileEncoding = 4; lastKnownFileType = sourcecode.c.h; path = locatonViewController.h; sourceTree = "<group>"; };
		F9F5F47B1EE91EBE00D68962 /* locatonViewController.m */ = {isa = PBXFileReference; fileEncoding = 4; lastKnownFileType = sourcecode.c.objc; path = locatonViewController.m; sourceTree = "<group>"; };
		F9F5F47E1EE9232E00D68962 /* JavaScriptCore.framework */ = {isa = PBXFileReference; lastKnownFileType = wrapper.framework; name = JavaScriptCore.framework; path = System/Library/Frameworks/JavaScriptCore.framework; sourceTree = SDKROOT; };
		F9F5F4801EE9233F00D68962 /* CoreTelephony.framework */ = {isa = PBXFileReference; lastKnownFileType = wrapper.framework; name = CoreTelephony.framework; path = System/Library/Frameworks/CoreTelephony.framework; sourceTree = SDKROOT; };
		F9F5F4821EE9234E00D68962 /* Security.framework */ = {isa = PBXFileReference; lastKnownFileType = wrapper.framework; name = Security.framework; path = System/Library/Frameworks/Security.framework; sourceTree = SDKROOT; };
		F9F5F4841EE9235900D68962 /* SystemConfiguration.framework */ = {isa = PBXFileReference; lastKnownFileType = wrapper.framework; name = SystemConfiguration.framework; path = System/Library/Frameworks/SystemConfiguration.framework; sourceTree = SDKROOT; };
		F9F5F4861EE9246600D68962 /* libz.tbd */ = {isa = PBXFileReference; lastKnownFileType = "sourcecode.text-based-dylib-definition"; name = libz.tbd; path = usr/lib/libz.tbd; sourceTree = SDKROOT; };
		F9F5F48A1EE9347100D68962 /* AFHTTPRequestOperation.h */ = {isa = PBXFileReference; fileEncoding = 4; lastKnownFileType = sourcecode.c.h; path = AFHTTPRequestOperation.h; sourceTree = "<group>"; };
		F9F5F48B1EE9347100D68962 /* AFHTTPRequestOperation.m */ = {isa = PBXFileReference; fileEncoding = 4; lastKnownFileType = sourcecode.c.objc; path = AFHTTPRequestOperation.m; sourceTree = "<group>"; };
		F9F5F48C1EE9347100D68962 /* AFHTTPRequestOperationManager.h */ = {isa = PBXFileReference; fileEncoding = 4; lastKnownFileType = sourcecode.c.h; path = AFHTTPRequestOperationManager.h; sourceTree = "<group>"; };
		F9F5F48D1EE9347100D68962 /* AFHTTPRequestOperationManager.m */ = {isa = PBXFileReference; fileEncoding = 4; lastKnownFileType = sourcecode.c.objc; path = AFHTTPRequestOperationManager.m; sourceTree = "<group>"; };
		F9F5F48E1EE9347100D68962 /* AFHTTPSessionManager.h */ = {isa = PBXFileReference; fileEncoding = 4; lastKnownFileType = sourcecode.c.h; path = AFHTTPSessionManager.h; sourceTree = "<group>"; };
		F9F5F48F1EE9347100D68962 /* AFHTTPSessionManager.m */ = {isa = PBXFileReference; fileEncoding = 4; lastKnownFileType = sourcecode.c.objc; path = AFHTTPSessionManager.m; sourceTree = "<group>"; };
		F9F5F4901EE9347100D68962 /* AFNetworking.h */ = {isa = PBXFileReference; fileEncoding = 4; lastKnownFileType = sourcecode.c.h; path = AFNetworking.h; sourceTree = "<group>"; };
		F9F5F4911EE9347100D68962 /* AFNetworkReachabilityManager.h */ = {isa = PBXFileReference; fileEncoding = 4; lastKnownFileType = sourcecode.c.h; path = AFNetworkReachabilityManager.h; sourceTree = "<group>"; };
		F9F5F4921EE9347100D68962 /* AFNetworkReachabilityManager.m */ = {isa = PBXFileReference; fileEncoding = 4; lastKnownFileType = sourcecode.c.objc; path = AFNetworkReachabilityManager.m; sourceTree = "<group>"; };
		F9F5F4931EE9347100D68962 /* AFSecurityPolicy.h */ = {isa = PBXFileReference; fileEncoding = 4; lastKnownFileType = sourcecode.c.h; path = AFSecurityPolicy.h; sourceTree = "<group>"; };
		F9F5F4941EE9347100D68962 /* AFSecurityPolicy.m */ = {isa = PBXFileReference; fileEncoding = 4; lastKnownFileType = sourcecode.c.objc; path = AFSecurityPolicy.m; sourceTree = "<group>"; };
		F9F5F4951EE9347100D68962 /* AFURLConnectionOperation.h */ = {isa = PBXFileReference; fileEncoding = 4; lastKnownFileType = sourcecode.c.h; path = AFURLConnectionOperation.h; sourceTree = "<group>"; };
		F9F5F4961EE9347100D68962 /* AFURLConnectionOperation.m */ = {isa = PBXFileReference; fileEncoding = 4; lastKnownFileType = sourcecode.c.objc; path = AFURLConnectionOperation.m; sourceTree = "<group>"; };
		F9F5F4971EE9347100D68962 /* AFURLRequestSerialization.h */ = {isa = PBXFileReference; fileEncoding = 4; lastKnownFileType = sourcecode.c.h; path = AFURLRequestSerialization.h; sourceTree = "<group>"; };
		F9F5F4981EE9347100D68962 /* AFURLRequestSerialization.m */ = {isa = PBXFileReference; fileEncoding = 4; lastKnownFileType = sourcecode.c.objc; path = AFURLRequestSerialization.m; sourceTree = "<group>"; };
		F9F5F4991EE9347100D68962 /* AFURLResponseSerialization.h */ = {isa = PBXFileReference; fileEncoding = 4; lastKnownFileType = sourcecode.c.h; path = AFURLResponseSerialization.h; sourceTree = "<group>"; };
		F9F5F49A1EE9347100D68962 /* AFURLResponseSerialization.m */ = {isa = PBXFileReference; fileEncoding = 4; lastKnownFileType = sourcecode.c.objc; path = AFURLResponseSerialization.m; sourceTree = "<group>"; };
		F9F5F49B1EE9347100D68962 /* AFURLSessionManager.h */ = {isa = PBXFileReference; fileEncoding = 4; lastKnownFileType = sourcecode.c.h; path = AFURLSessionManager.h; sourceTree = "<group>"; };
		F9F5F49C1EE9347100D68962 /* AFURLSessionManager.m */ = {isa = PBXFileReference; fileEncoding = 4; lastKnownFileType = sourcecode.c.objc; path = AFURLSessionManager.m; sourceTree = "<group>"; };
		F9F5F4AA1EE949C000D68962 /* FCUUID.h */ = {isa = PBXFileReference; fileEncoding = 4; lastKnownFileType = sourcecode.c.h; path = FCUUID.h; sourceTree = "<group>"; };
		F9F5F4AB1EE949C000D68962 /* FCUUID.m */ = {isa = PBXFileReference; fileEncoding = 4; lastKnownFileType = sourcecode.c.objc; path = FCUUID.m; sourceTree = "<group>"; };
		F9F5F4AC1EE949C000D68962 /* UICKeyChainStore.h */ = {isa = PBXFileReference; fileEncoding = 4; lastKnownFileType = sourcecode.c.h; path = UICKeyChainStore.h; sourceTree = "<group>"; };
		F9F5F4AD1EE949C000D68962 /* UICKeyChainStore.m */ = {isa = PBXFileReference; fileEncoding = 4; lastKnownFileType = sourcecode.c.objc; path = UICKeyChainStore.m; sourceTree = "<group>"; };
		F9F7D5261EC471A4004384AD /* NSString+EMOEmoji.h */ = {isa = PBXFileReference; fileEncoding = 4; lastKnownFileType = sourcecode.c.h; path = "NSString+EMOEmoji.h"; sourceTree = "<group>"; };
		F9F7D5271EC471A4004384AD /* NSString+EMOEmoji.m */ = {isa = PBXFileReference; fileEncoding = 4; lastKnownFileType = sourcecode.c.objc; path = "NSString+EMOEmoji.m"; sourceTree = "<group>"; };
/* End PBXFileReference section */

/* Begin PBXFrameworksBuildPhase section */
		F90C225A1EA9DE37007ABC2E /* Frameworks */ = {
			isa = PBXFrameworksBuildPhase;
			buildActionMask = 2147483647;
			files = (
				F9F5F4871EE9246600D68962 /* libz.tbd in Frameworks */,
				F9F5F4851EE9235900D68962 /* SystemConfiguration.framework in Frameworks */,
				F9F5F4831EE9234E00D68962 /* Security.framework in Frameworks */,
				F9F5F4811EE9233F00D68962 /* CoreTelephony.framework in Frameworks */,
				F9F5F47F1EE9232E00D68962 /* JavaScriptCore.framework in Frameworks */,
				F9F5F4781EE91D8300D68962 /* AMapFoundationKit.framework in Frameworks */,
				F9F5F4791EE91D8300D68962 /* AMapLocationKit.framework in Frameworks */,
				CBEDBA8A9069069725D3D478 /* libPods-数据传递.a in Frameworks */,
			);
			runOnlyForDeploymentPostprocessing = 0;
		};
/* End PBXFrameworksBuildPhase section */

/* Begin PBXGroup section */
		EF4E721EA855F810D6B0DE1E /* Pods */ = {
			isa = PBXGroup;
			children = (
				488355BFD91C2AE68039A472 /* Pods-数据传递.debug.xcconfig */,
				79E958074130AE561A7F969D /* Pods-数据传递.release.xcconfig */,
			);
			name = Pods;
			sourceTree = "<group>";
		};
		F90C22541EA9DE37007ABC2E = {
			isa = PBXGroup;
			children = (
				F9F5F4761EE91D8300D68962 /* AMapFoundationKit.framework */,
				F9F5F4771EE91D8300D68962 /* AMapLocationKit.framework */,
				F90C225F1EA9DE37007ABC2E /* 数据传递 */,
				F90C225E1EA9DE37007ABC2E /* Products */,
				F9F5F47D1EE9232E00D68962 /* Frameworks */,
				EF4E721EA855F810D6B0DE1E /* Pods */,
			);
			sourceTree = "<group>";
		};
		F90C225E1EA9DE37007ABC2E /* Products */ = {
			isa = PBXGroup;
			children = (
				F90C225D1EA9DE37007ABC2E /* 数据传递.app */,
			);
			name = Products;
			sourceTree = "<group>";
		};
		F90C225F1EA9DE37007ABC2E /* 数据传递 */ = {
			isa = PBXGroup;
			children = (
				F9F5F4891EE9347100D68962 /* AFNetworking */,
				F9F5F4A91EE949C000D68962 /* UUID */,
				F90C22631EA9DE37007ABC2E /* AppDelegate.h */,
				F90C22641EA9DE37007ABC2E /* AppDelegate.m */,
				F90C22661EA9DE37007ABC2E /* ViewController.h */,
				F90C22671EA9DE37007ABC2E /* ViewController.m */,
				F9B2A1941EE559C5006E1F34 /* qzone_close.png */,
				F9B2A18B1EE54ECD006E1F34 /* modleView.h */,
				F9B2A18C1EE54ECD006E1F34 /* modleView.m */,
				F9B2A1911EE5535B006E1F34 /* SnailPopupController.h */,
				F9B2A1921EE5535B006E1F34 /* SnailPopupController.m */,
				F9B2A18E1EE5521C006E1F34 /* UIView+Layout.h */,
				F9B2A18F1EE5521C006E1F34 /* UIView+Layout.m */,
				F90C22771EA9DE58007ABC2E /* BViewController.h */,
				F90C22781EA9DE58007ABC2E /* BViewController.m */,
				F9DFFD611EB82C9B005076D9 /* CViewController.h */,
				F9DFFD621EB82C9B005076D9 /* CViewController.m */,
				F9BD61C21ECAC881003BCE52 /* DViewController.h */,
				F9BD61C31ECAC881003BCE52 /* DViewController.m */,
				F9F5F47A1EE91EBE00D68962 /* locatonViewController.h */,
				F9F5F47B1EE91EBE00D68962 /* locatonViewController.m */,
				F9BD61C71ECACDD7003BCE52 /* GoComUrlProtocol.h */,
				F9BD61C81ECACDD7003BCE52 /* GoComUrlProtocol.m */,
				F984576D1EBC5CD200958041 /* AVPlayerObject.h */,
				F984576E1EBC5CD200958041 /* AVPlayerObject.m */,
				F9F7D5261EC471A4004384AD /* NSString+EMOEmoji.h */,
				F9F7D5271EC471A4004384AD /* NSString+EMOEmoji.m */,
				F945FAB81F04FB3F0099871E /* manifest.plist */,
				F9BD61CE1ECAEDCA003BCE52 /* Virsical.js */,
				F9BD61CC1ECAE613003BCE52 /* simple.html */,
				F9BD61C51ECAC891003BCE52 /* chatUser.html */,
				F984576B1EBC5C2B00958041 /* 陈慧娴 - 傻女.mp3 */,
				F90C227B1EA9E748007ABC2E /* guanal.png */,
				F90C22691EA9DE38007ABC2E /* Main.storyboard */,
				F90C226C1EA9DE38007ABC2E /* Assets.xcassets */,
				F90C226E1EA9DE38007ABC2E /* LaunchScreen.storyboard */,
				F90C22711EA9DE38007ABC2E /* Info.plist */,
				F90C22601EA9DE37007ABC2E /* Supporting Files */,
			);
			path = "数据传递";
			sourceTree = "<group>";
		};
		F90C22601EA9DE37007ABC2E /* Supporting Files */ = {
			isa = PBXGroup;
			children = (
				F90C22611EA9DE37007ABC2E /* main.m */,
			);
			name = "Supporting Files";
			sourceTree = "<group>";
		};
		F9F5F47D1EE9232E00D68962 /* Frameworks */ = {
			isa = PBXGroup;
			children = (
				F9F5F4861EE9246600D68962 /* libz.tbd */,
				F9F5F4841EE9235900D68962 /* SystemConfiguration.framework */,
				F9F5F4821EE9234E00D68962 /* Security.framework */,
				F9F5F4801EE9233F00D68962 /* CoreTelephony.framework */,
				F9F5F47E1EE9232E00D68962 /* JavaScriptCore.framework */,
				BD7B1009CD463290AAA20B7C /* libPods-数据传递.a */,
			);
			name = Frameworks;
			sourceTree = "<group>";
		};
		F9F5F4891EE9347100D68962 /* AFNetworking */ = {
			isa = PBXGroup;
			children = (
				F9F5F48A1EE9347100D68962 /* AFHTTPRequestOperation.h */,
				F9F5F48B1EE9347100D68962 /* AFHTTPRequestOperation.m */,
				F9F5F48C1EE9347100D68962 /* AFHTTPRequestOperationManager.h */,
				F9F5F48D1EE9347100D68962 /* AFHTTPRequestOperationManager.m */,
				F9F5F48E1EE9347100D68962 /* AFHTTPSessionManager.h */,
				F9F5F48F1EE9347100D68962 /* AFHTTPSessionManager.m */,
				F9F5F4901EE9347100D68962 /* AFNetworking.h */,
				F9F5F4911EE9347100D68962 /* AFNetworkReachabilityManager.h */,
				F9F5F4921EE9347100D68962 /* AFNetworkReachabilityManager.m */,
				F9F5F4931EE9347100D68962 /* AFSecurityPolicy.h */,
				F9F5F4941EE9347100D68962 /* AFSecurityPolicy.m */,
				F9F5F4951EE9347100D68962 /* AFURLConnectionOperation.h */,
				F9F5F4961EE9347100D68962 /* AFURLConnectionOperation.m */,
				F9F5F4971EE9347100D68962 /* AFURLRequestSerialization.h */,
				F9F5F4981EE9347100D68962 /* AFURLRequestSerialization.m */,
				F9F5F4991EE9347100D68962 /* AFURLResponseSerialization.h */,
				F9F5F49A1EE9347100D68962 /* AFURLResponseSerialization.m */,
				F9F5F49B1EE9347100D68962 /* AFURLSessionManager.h */,
				F9F5F49C1EE9347100D68962 /* AFURLSessionManager.m */,
			);
			path = AFNetworking;
			sourceTree = "<group>";
		};
		F9F5F4A91EE949C000D68962 /* UUID */ = {
			isa = PBXGroup;
			children = (
				F9F5F4AA1EE949C000D68962 /* FCUUID.h */,
				F9F5F4AB1EE949C000D68962 /* FCUUID.m */,
				F9F5F4AC1EE949C000D68962 /* UICKeyChainStore.h */,
				F9F5F4AD1EE949C000D68962 /* UICKeyChainStore.m */,
			);
			path = UUID;
			sourceTree = "<group>";
		};
/* End PBXGroup section */

/* Begin PBXNativeTarget section */
		F90C225C1EA9DE37007ABC2E /* 数据传递 */ = {
			isa = PBXNativeTarget;
			buildConfigurationList = F90C22741EA9DE38007ABC2E /* Build configuration list for PBXNativeTarget "数据传递" */;
			buildPhases = (
				1C4A5F2897E9834B9A65990B /* [CP] Check Pods Manifest.lock */,
				F90C22591EA9DE37007ABC2E /* Sources */,
				F90C225A1EA9DE37007ABC2E /* Frameworks */,
				F90C225B1EA9DE37007ABC2E /* Resources */,
				A55D05DFEC0DBF622487E8E0 /* [CP] Embed Pods Frameworks */,
				C210BB3F61ED401E8DDB5D34 /* [CP] Copy Pods Resources */,
			);
			buildRules = (
			);
			dependencies = (
			);
			name = "数据传递";
			productName = "数据传递";
			productReference = F90C225D1EA9DE37007ABC2E /* 数据传递.app */;
			productType = "com.apple.product-type.application";
		};
/* End PBXNativeTarget section */

/* Begin PBXProject section */
		F90C22551EA9DE37007ABC2E /* Project object */ = {
			isa = PBXProject;
			attributes = {
				LastUpgradeCheck = 0830;
				ORGANIZATIONNAME = guanal;
				TargetAttributes = {
					F90C225C1EA9DE37007ABC2E = {
						CreatedOnToolsVersion = 8.3;
						DevelopmentTeam = XU5S24857E;
						ProvisioningStyle = Automatic;
						SystemCapabilities = {
							com.apple.BackgroundModes = {
								enabled = 1;
							};
						};
					};
				};
			};
			buildConfigurationList = F90C22581EA9DE37007ABC2E /* Build configuration list for PBXProject "数据传递" */;
			compatibilityVersion = "Xcode 3.2";
			developmentRegion = English;
			hasScannedForEncodings = 0;
			knownRegions = (
				en,
				Base,
			);
			mainGroup = F90C22541EA9DE37007ABC2E;
			productRefGroup = F90C225E1EA9DE37007ABC2E /* Products */;
			projectDirPath = "";
			projectRoot = "";
			targets = (
				F90C225C1EA9DE37007ABC2E /* 数据传递 */,
			);
		};
/* End PBXProject section */

/* Begin PBXResourcesBuildPhase section */
		F90C225B1EA9DE37007ABC2E /* Resources */ = {
			isa = PBXResourcesBuildPhase;
			buildActionMask = 2147483647;
			files = (
				F90C22701EA9DE38007ABC2E /* LaunchScreen.storyboard in Resources */,
				F9BD61C61ECAC891003BCE52 /* chatUser.html in Resources */,
				F9BD61CD1ECAE613003BCE52 /* simple.html in Resources */,
				F9B2A1951EE559C5006E1F34 /* qzone_close.png in Resources */,
				F9BD61CF1ECAEDCA003BCE52 /* Virsical.js in Resources */,
				F90C227C1EA9E748007ABC2E /* guanal.png in Resources */,
				F90C226D1EA9DE38007ABC2E /* Assets.xcassets in Resources */,
				F945FAB91F04FB3F0099871E /* manifest.plist in Resources */,
				F90C226B1EA9DE38007ABC2E /* Main.storyboard in Resources */,
				F984576C1EBC5C2B00958041 /* 陈慧娴 - 傻女.mp3 in Resources */,
			);
			runOnlyForDeploymentPostprocessing = 0;
		};
/* End PBXResourcesBuildPhase section */

/* Begin PBXShellScriptBuildPhase section */
		1C4A5F2897E9834B9A65990B /* [CP] Check Pods Manifest.lock */ = {
			isa = PBXShellScriptBuildPhase;
			buildActionMask = 2147483647;
			files = (
			);
			inputPaths = (
			);
			name = "[CP] Check Pods Manifest.lock";
			outputPaths = (
			);
			runOnlyForDeploymentPostprocessing = 0;
			shellPath = /bin/sh;
			shellScript = "diff \"${PODS_ROOT}/../Podfile.lock\" \"${PODS_ROOT}/Manifest.lock\" > /dev/null\nif [ $? != 0 ] ; then\n    # print error to STDERR\n    echo \"error: The sandbox is not in sync with the Podfile.lock. Run 'pod install' or update your CocoaPods installation.\" >&2\n    exit 1\nfi\n";
			showEnvVarsInLog = 0;
		};
		A55D05DFEC0DBF622487E8E0 /* [CP] Embed Pods Frameworks */ = {
			isa = PBXShellScriptBuildPhase;
			buildActionMask = 2147483647;
			files = (
			);
			inputPaths = (
			);
			name = "[CP] Embed Pods Frameworks";
			outputPaths = (
			);
			runOnlyForDeploymentPostprocessing = 0;
			shellPath = /bin/sh;
			shellScript = "\"${SRCROOT}/Pods/Target Support Files/Pods-数据传递/Pods-数据传递-frameworks.sh\"\n";
			showEnvVarsInLog = 0;
		};
		C210BB3F61ED401E8DDB5D34 /* [CP] Copy Pods Resources */ = {
			isa = PBXShellScriptBuildPhase;
			buildActionMask = 2147483647;
			files = (
			);
			inputPaths = (
			);
			name = "[CP] Copy Pods Resources";
			outputPaths = (
			);
			runOnlyForDeploymentPostprocessing = 0;
			shellPath = /bin/sh;
			shellScript = "\"${SRCROOT}/Pods/Target Support Files/Pods-数据传递/Pods-数据传递-resources.sh\"\n";
			showEnvVarsInLog = 0;
		};
/* End PBXShellScriptBuildPhase section */

/* Begin PBXSourcesBuildPhase section */
		F90C22591EA9DE37007ABC2E /* Sources */ = {
			isa = PBXSourcesBuildPhase;
			buildActionMask = 2147483647;
			files = (
				F9DFFD631EB82C9B005076D9 /* CViewController.m in Sources */,
				F90C22681EA9DE37007ABC2E /* ViewController.m in Sources */,
				F9F5F49E1EE9347200D68962 /* AFHTTPRequestOperationManager.m in Sources */,
				F9BD61C91ECACDD7003BCE52 /* GoComUrlProtocol.m in Sources */,
				F9F5F4A21EE9347200D68962 /* AFURLConnectionOperation.m in Sources */,
				F9F7D5281EC471A4004384AD /* NSString+EMOEmoji.m in Sources */,
				F9B2A1931EE5535B006E1F34 /* SnailPopupController.m in Sources */,
				F9F5F4A31EE9347200D68962 /* AFURLRequestSerialization.m in Sources */,
				F9F5F47C1EE91EBE00D68962 /* locatonViewController.m in Sources */,
				F9F5F49F1EE9347200D68962 /* AFHTTPSessionManager.m in Sources */,
				F9F5F49D1EE9347100D68962 /* AFHTTPRequestOperation.m in Sources */,
				F9B2A18D1EE54ECD006E1F34 /* modleView.m in Sources */,
				F9F5F4A11EE9347200D68962 /* AFSecurityPolicy.m in Sources */,
				F90C22791EA9DE58007ABC2E /* BViewController.m in Sources */,
				F9F5F4A01EE9347200D68962 /* AFNetworkReachabilityManager.m in Sources */,
				F9F5F4A51EE9347200D68962 /* AFURLSessionManager.m in Sources */,
				F90C22651EA9DE37007ABC2E /* AppDelegate.m in Sources */,
				F984576F1EBC5CD200958041 /* AVPlayerObject.m in Sources */,
				F9B2A1901EE5521C006E1F34 /* UIView+Layout.m in Sources */,
				F9F5F4AE1EE949C000D68962 /* FCUUID.m in Sources */,
				F90C22621EA9DE37007ABC2E /* main.m in Sources */,
				F9F5F4A41EE9347200D68962 /* AFURLResponseSerialization.m in Sources */,
				F9BD61C41ECAC881003BCE52 /* DViewController.m in Sources */,
				F9F5F4AF1EE949C000D68962 /* UICKeyChainStore.m in Sources */,
			);
			runOnlyForDeploymentPostprocessing = 0;
		};
/* End PBXSourcesBuildPhase section */

/* Begin PBXVariantGroup section */
		F90C22691EA9DE38007ABC2E /* Main.storyboard */ = {
			isa = PBXVariantGroup;
			children = (
				F90C226A1EA9DE38007ABC2E /* Base */,
			);
			name = Main.storyboard;
			sourceTree = "<group>";
		};
		F90C226E1EA9DE38007ABC2E /* LaunchScreen.storyboard */ = {
			isa = PBXVariantGroup;
			children = (
				F90C226F1EA9DE38007ABC2E /* Base */,
			);
			name = LaunchScreen.storyboard;
			sourceTree = "<group>";
		};
/* End PBXVariantGroup section */

/* Begin XCBuildConfiguration section */
		F90C22721EA9DE38007ABC2E /* Debug */ = {
			isa = XCBuildConfiguration;
			buildSettings = {
				ALWAYS_SEARCH_USER_PATHS = NO;
				CLANG_ANALYZER_NONNULL = YES;
				CLANG_ANALYZER_NUMBER_OBJECT_CONVERSION = YES_AGGRESSIVE;
				CLANG_CXX_LANGUAGE_STANDARD = "gnu++0x";
				CLANG_CXX_LIBRARY = "libc++";
				CLANG_ENABLE_MODULES = YES;
				CLANG_ENABLE_OBJC_ARC = YES;
				CLANG_WARN_BOOL_CONVERSION = YES;
				CLANG_WARN_CONSTANT_CONVERSION = YES;
				CLANG_WARN_DIRECT_OBJC_ISA_USAGE = YES_ERROR;
				CLANG_WARN_DOCUMENTATION_COMMENTS = YES;
				CLANG_WARN_EMPTY_BODY = YES;
				CLANG_WARN_ENUM_CONVERSION = YES;
				CLANG_WARN_INFINITE_RECURSION = YES;
				CLANG_WARN_INT_CONVERSION = YES;
				CLANG_WARN_OBJC_ROOT_CLASS = YES_ERROR;
				CLANG_WARN_SUSPICIOUS_MOVE = YES;
				CLANG_WARN_UNREACHABLE_CODE = YES;
				CLANG_WARN__DUPLICATE_METHOD_MATCH = YES;
				"CODE_SIGN_IDENTITY[sdk=iphoneos*]" = "iPhone Developer";
				COPY_PHASE_STRIP = NO;
				DEBUG_INFORMATION_FORMAT = dwarf;
				ENABLE_STRICT_OBJC_MSGSEND = YES;
				ENABLE_TESTABILITY = YES;
				GCC_C_LANGUAGE_STANDARD = gnu99;
				GCC_DYNAMIC_NO_PIC = NO;
				GCC_NO_COMMON_BLOCKS = YES;
				GCC_OPTIMIZATION_LEVEL = 0;
				GCC_PREPROCESSOR_DEFINITIONS = (
					"DEBUG=1",
					"$(inherited)",
				);
				GCC_WARN_64_TO_32_BIT_CONVERSION = YES;
				GCC_WARN_ABOUT_RETURN_TYPE = YES_ERROR;
				GCC_WARN_UNDECLARED_SELECTOR = YES;
				GCC_WARN_UNINITIALIZED_AUTOS = YES_AGGRESSIVE;
				GCC_WARN_UNUSED_FUNCTION = YES;
				GCC_WARN_UNUSED_VARIABLE = YES;
				IPHONEOS_DEPLOYMENT_TARGET = 10.0;
				MTL_ENABLE_DEBUG_INFO = YES;
				ONLY_ACTIVE_ARCH = YES;
				SDKROOT = iphoneos;
			};
			name = Debug;
		};
		F90C22731EA9DE38007ABC2E /* Release */ = {
			isa = XCBuildConfiguration;
			buildSettings = {
				ALWAYS_SEARCH_USER_PATHS = NO;
				CLANG_ANALYZER_NONNULL = YES;
				CLANG_ANALYZER_NUMBER_OBJECT_CONVERSION = YES_AGGRESSIVE;
				CLANG_CXX_LANGUAGE_STANDARD = "gnu++0x";
				CLANG_CXX_LIBRARY = "libc++";
				CLANG_ENABLE_MODULES = YES;
				CLANG_ENABLE_OBJC_ARC = YES;
				CLANG_WARN_BOOL_CONVERSION = YES;
				CLANG_WARN_CONSTANT_CONVERSION = YES;
				CLANG_WARN_DIRECT_OBJC_ISA_USAGE = YES_ERROR;
				CLANG_WARN_DOCUMENTATION_COMMENTS = YES;
				CLANG_WARN_EMPTY_BODY = YES;
				CLANG_WARN_ENUM_CONVERSION = YES;
				CLANG_WARN_INFINITE_RECURSION = YES;
				CLANG_WARN_INT_CONVERSION = YES;
				CLANG_WARN_OBJC_ROOT_CLASS = YES_ERROR;
				CLANG_WARN_SUSPICIOUS_MOVE = YES;
				CLANG_WARN_UNREACHABLE_CODE = YES;
				CLANG_WARN__DUPLICATE_METHOD_MATCH = YES;
				"CODE_SIGN_IDENTITY[sdk=iphoneos*]" = "iPhone Developer";
				COPY_PHASE_STRIP = NO;
				DEBUG_INFORMATION_FORMAT = "dwarf-with-dsym";
				ENABLE_NS_ASSERTIONS = NO;
				ENABLE_STRICT_OBJC_MSGSEND = YES;
				GCC_C_LANGUAGE_STANDARD = gnu99;
				GCC_NO_COMMON_BLOCKS = YES;
				GCC_WARN_64_TO_32_BIT_CONVERSION = YES;
				GCC_WARN_ABOUT_RETURN_TYPE = YES_ERROR;
				GCC_WARN_UNDECLARED_SELECTOR = YES;
				GCC_WARN_UNINITIALIZED_AUTOS = YES_AGGRESSIVE;
				GCC_WARN_UNUSED_FUNCTION = YES;
				GCC_WARN_UNUSED_VARIABLE = YES;
				IPHONEOS_DEPLOYMENT_TARGET = 10.0;
				MTL_ENABLE_DEBUG_INFO = NO;
				SDKROOT = iphoneos;
				VALIDATE_PRODUCT = YES;
			};
			name = Release;
		};
		F90C22751EA9DE38007ABC2E /* Debug */ = {
			isa = XCBuildConfiguration;
			baseConfigurationReference = 488355BFD91C2AE68039A472 /* Pods-数据传递.debug.xcconfig */;
			buildSettings = {
				ASSETCATALOG_COMPILER_APPICON_NAME = AppIcon;
				DEVELOPMENT_TEAM = XU5S24857E;
				FRAMEWORK_SEARCH_PATHS = (
					"$(inherited)",
					"$(PROJECT_DIR)/数据传递",
					"$(PROJECT_DIR)",
				);
				HEADER_SEARCH_PATHS = (
					"\"$(SRCROOT)/数据传递/AFNetworking\"",
					"\"$(SRCROOT)/数据传递/UUID\"",
				);
				INFOPLIST_FILE = "数据传递/Info.plist";
				IPHONEOS_DEPLOYMENT_TARGET = 8.0;
				LD_RUNPATH_SEARCH_PATHS = "$(inherited) @executable_path/Frameworks";
				OTHER_LDFLAGS = (
					"-Objc",
					"$(inherited)",
				);
				PRODUCT_BUNDLE_IDENTIFIER = com.guanalim.official;
				PRODUCT_NAME = "$(TARGET_NAME)";
			};
			name = Debug;
		};
		F90C22761EA9DE38007ABC2E /* Release */ = {
			isa = XCBuildConfiguration;
			baseConfigurationReference = 79E958074130AE561A7F969D /* Pods-数据传递.release.xcconfig */;
			buildSettings = {
				ASSETCATALOG_COMPILER_APPICON_NAME = AppIcon;
				DEVELOPMENT_TEAM = XU5S24857E;
				FRAMEWORK_SEARCH_PATHS = (
					"$(inherited)",
					"$(PROJECT_DIR)/数据传递",
					"$(PROJECT_DIR)",
				);
				HEADER_SEARCH_PATHS = (
					"\"$(SRCROOT)/数据传递/AFNetworking\"",
					"\"$(SRCROOT)/数据传递/UUID\"",
				);
				INFOPLIST_FILE = "数据传递/Info.plist";
				IPHONEOS_DEPLOYMENT_TARGET = 8.0;
				LD_RUNPATH_SEARCH_PATHS = "$(inherited) @executable_path/Frameworks";
				OTHER_LDFLAGS = (
					"-Objc",
					"$(inherited)",
				);
				PRODUCT_BUNDLE_IDENTIFIER = com.guanalim.official;
				PRODUCT_NAME = "$(TARGET_NAME)";
			};
			name = Release;
		};
/* End XCBuildConfiguration section */

/* Begin XCConfigurationList section */
		F90C22581EA9DE37007ABC2E /* Build configuration list for PBXProject "数据传递" */ = {
			isa = XCConfigurationList;
			buildConfigurations = (
				F90C22721EA9DE38007ABC2E /* Debug */,
				F90C22731EA9DE38007ABC2E /* Release */,
			);
			defaultConfigurationIsVisible = 0;
			defaultConfigurationName = Release;
		};
		F90C22741EA9DE38007ABC2E /* Build configuration list for PBXNativeTarget "数据传递" */ = {
			isa = XCConfigurationList;
			buildConfigurations = (
				F90C22751EA9DE38007ABC2E /* Debug */,
				F90C22761EA9DE38007ABC2E /* Release */,
			);
			defaultConfigurationIsVisible = 0;
			defaultConfigurationName = Release;
		};
/* End XCConfigurationList section */
	};
	rootObject = F90C22551EA9DE37007ABC2E /* Project object */;
}
